
Microsoft Visual Studio Solution File, Format Version 12.00
# Visual Studio Version 16
VisualStudioVersion = 16.0.28803.352
MinimumVisualStudioVersion = 10.0.40219.1
Project("{FAE04EC0-301F-11D3-BF4B-00C04F79EFBC}") = "EstudioMVC", "EstudioMVC\EstudioMVC.csproj", "{F4CCD252-BE75-4250-B9D2-AF98757749A3}"
EndProject
Project("{FAE04EC0-301F-11D3-BF4B-00C04F79EFBC}") = "Data", "Data\Data.csproj", "{C6EF424B-BB74-475D-B0B8-C4CC9E648EF2}"
EndProject
Project("{FAE04EC0-301F-11D3-BF4B-00C04F79EFBC}") = "Business", "Business\Business.csproj", "{900944A9-7B5C-4087-942B-C6110AFC8341}"
EndProject
Project("{FAE04EC0-301F-11D3-BF4B-00C04F79EFBC}") = "Entity", "Entity\Entity.csproj", "{98297689-A195-49B4-8DB1-24C72EBBD350}"
EndProject
Global
	GlobalSection(SolutionConfigurationPlatforms) = preSolution
		Debug|Any CPU = Debug|Any CPU
		Release|Any CPU = Release|Any CPU
	EndGlobalSection
	GlobalSection(ProjectConfigurationPlatforms) = postSolution
		{F4CCD252-BE75-4250-B9D2-AF98757749A3}.Debug|Any CPU.ActiveCfg = Debug|Any CPU
		{F4CCD252-BE75-4250-B9D2-AF98757749A3}.Debug|Any CPU.Build.0 = Debug|Any CPU
		{F4CCD252-BE75-4250-B9D2-AF98757749A3}.Release|Any CPU.ActiveCfg = Release|Any CPU
		{F4CCD252-BE75-4250-B9D2-AF98757749A3}.Release|Any CPU.Build.0 = Release|Any CPU
		{C6EF424B-BB74-475D-B0B8-C4CC9E648EF2}.Debug|Any CPU.ActiveCfg = Debug|Any CPU
		{C6EF424B-BB74-475D-B0B8-C4CC9E648EF2}.Debug|Any CPU.Build.0 = Debug|Any CPU
		{C6EF424B-BB74-475D-B0B8-C4CC9E648EF2}.Release|Any CPU.ActiveCfg = Release|Any CPU
		{C6EF424B-BB74-475D-B0B8-C4CC9E648EF2}.Release|Any CPU.Build.0 = Release|Any CPU
		{900944A9-7B5C-4087-942B-C6110AFC8341}.Debug|Any CPU.ActiveCfg = Debug|Any CPU
		{900944A9-7B5C-4087-942B-C6110AFC8341}.Debug|Any CPU.Build.0 = Debug|Any CPU
		{900944A9-7B5C-4087-942B-C6110AFC8341}.Release|Any CPU.ActiveCfg = Release|Any CPU
		{900944A9-7B5C-4087-942B-C6110AFC8341}.Release|Any CPU.Build.0 = Release|Any CPU
		{98297689-A195-49B4-8DB1-24C72EBBD350}.Debug|Any CPU.ActiveCfg = Debug|Any CPU
		{98297689-A195-49B4-8DB1-24C72EBBD350}.Debug|Any CPU.Build.0 = Debug|Any CPU
		{98297689-A195-49B4-8DB1-24C72EBBD350}.Release|Any CPU.ActiveCfg = Release|Any CPU
		{98297689-A195-49B4-8DB1-24C72EBBD350}.Release|Any CPU.Build.0 = Release|Any CPU
	EndGlobalSection
	GlobalSection(SolutionProperties) = preSolution
		HideSolutionNode = FALSE
	EndGlobalSection
	GlobalSection(ExtensibilityGlobals) = postSolution
		SolutionGuid = {A47FA681-BE69-4DD4-8FC3-683F020D3B60}
	EndGlobalSection
EndGlobal
